
Microsoft Visual Studio Solution File, Format Version 12.00
# Visual Studio 15
VisualStudioVersion = 15.0.27004.2005
MinimumVisualStudioVersion = 10.0.40219.1
Project("{FAE04EC0-301F-11D3-BF4B-00C04F79EFBC}") = "WebAPI", "WebAPI\WebAPI.csproj", "{9FC064D5-1ECF-4F86-8A30-B1112912DF13}"
EndProject
Project("{FAE04EC0-301F-11D3-BF4B-00C04F79EFBC}") = "WebUI", "WebUI\WebUI.csproj", "{CFA3C889-8425-409F-A878-8F6515C2885E}"
EndProject
Global
	GlobalSection(SolutionConfigurationPlatforms) = preSolution
		Debug|Any CPU = Debug|Any CPU
		Release|Any CPU = Release|Any CPU
	EndGlobalSection
	GlobalSection(ProjectConfigurationPlatforms) = postSolution
		{9FC064D5-1ECF-4F86-8A30-B1112912DF13}.Debug|Any CPU.ActiveCfg = Debug|Any CPU
		{9FC064D5-1ECF-4F86-8A30-B1112912DF13}.Debug|Any CPU.Build.0 = Debug|Any CPU
		{9FC064D5-1ECF-4F86-8A30-B1112912DF13}.Release|Any CPU.ActiveCfg = Release|Any CPU
		{9FC064D5-1ECF-4F86-8A30-B1112912DF13}.Release|Any CPU.Build.0 = Release|Any CPU
		{CFA3C889-8425-409F-A878-8F6515C2885E}.Debug|Any CPU.ActiveCfg = Debug|Any CPU
		{CFA3C889-8425-409F-A878-8F6515C2885E}.Debug|Any CPU.Build.0 = Debug|Any CPU
		{CFA3C889-8425-409F-A878-8F6515C2885E}.Release|Any CPU.ActiveCfg = Release|Any CPU
		{CFA3C889-8425-409F-A878-8F6515C2885E}.Release|Any CPU.Build.0 = Release|Any CPU
	EndGlobalSection
	GlobalSection(SolutionProperties) = preSolution
		HideSolutionNode = FALSE
	EndGlobalSection
	GlobalSection(ExtensibilityGlobals) = postSolution
		SolutionGuid = {0508361D-BE21-42B4-9DA9-F38B6C58EDD9}
	EndGlobalSection
EndGlobal
