
Microsoft Visual Studio Solution File, Format Version 12.00
# Visual Studio Version 16
VisualStudioVersion = 16.0.30503.244
MinimumVisualStudioVersion = 10.0.40219.1
Project("{FAE04EC0-301F-11D3-BF4B-00C04F79EFBC}") = "WebAppDemo", "WebAppDemo\WebAppDemo.csproj", "{DC982883-356D-406C-A76F-3E3FE574C40C}"
EndProject
Project("{FAE04EC0-301F-11D3-BF4B-00C04F79EFBC}") = "WebAPIDemo", "WebAPIDemo\WebAPIDemo.csproj", "{78927A11-7E68-44AC-978C-FEC4C82644B1}"
EndProject
Global
	GlobalSection(SolutionConfigurationPlatforms) = preSolution
		Debug|Any CPU = Debug|Any CPU
		Release|Any CPU = Release|Any CPU
	EndGlobalSection
	GlobalSection(ProjectConfigurationPlatforms) = postSolution
		{DC982883-356D-406C-A76F-3E3FE574C40C}.Debug|Any CPU.ActiveCfg = Debug|Any CPU
		{DC982883-356D-406C-A76F-3E3FE574C40C}.Debug|Any CPU.Build.0 = Debug|Any CPU
		{DC982883-356D-406C-A76F-3E3FE574C40C}.Release|Any CPU.ActiveCfg = Release|Any CPU
		{DC982883-356D-406C-A76F-3E3FE574C40C}.Release|Any CPU.Build.0 = Release|Any CPU
		{78927A11-7E68-44AC-978C-FEC4C82644B1}.Debug|Any CPU.ActiveCfg = Debug|Any CPU
		{78927A11-7E68-44AC-978C-FEC4C82644B1}.Debug|Any CPU.Build.0 = Debug|Any CPU
		{78927A11-7E68-44AC-978C-FEC4C82644B1}.Release|Any CPU.ActiveCfg = Release|Any CPU
		{78927A11-7E68-44AC-978C-FEC4C82644B1}.Release|Any CPU.Build.0 = Release|Any CPU
	EndGlobalSection
	GlobalSection(SolutionProperties) = preSolution
		HideSolutionNode = FALSE
	EndGlobalSection
	GlobalSection(ExtensibilityGlobals) = postSolution
		SolutionGuid = {2E9062E7-81FE-42C7-865B-FD7B5AF62C09}
	EndGlobalSection
EndGlobal
