
Microsoft Visual Studio Solution File, Format Version 12.00
# Visual Studio 15
VisualStudioVersion = 15.0.28307.757
MinimumVisualStudioVersion = 10.0.40219.1
Project("{FAE04EC0-301F-11D3-BF4B-00C04F79EFBC}") = "B2CDemo", "B2CDemo\B2CDemo.csproj", "{17809C23-01B7-4355-9058-3E5F23EFCA91}"
EndProject
Project("{FAE04EC0-301F-11D3-BF4B-00C04F79EFBC}") = "DemoWebAPI", "DemoWebAPI\DemoWebAPI.csproj", "{83188BFD-88E5-4D80-99A8-A26070EB06DF}"
EndProject
Global
	GlobalSection(SolutionConfigurationPlatforms) = preSolution
		Debug|Any CPU = Debug|Any CPU
		Release|Any CPU = Release|Any CPU
	EndGlobalSection
	GlobalSection(ProjectConfigurationPlatforms) = postSolution
		{17809C23-01B7-4355-9058-3E5F23EFCA91}.Debug|Any CPU.ActiveCfg = Debug|Any CPU
		{17809C23-01B7-4355-9058-3E5F23EFCA91}.Debug|Any CPU.Build.0 = Debug|Any CPU
		{17809C23-01B7-4355-9058-3E5F23EFCA91}.Release|Any CPU.ActiveCfg = Release|Any CPU
		{17809C23-01B7-4355-9058-3E5F23EFCA91}.Release|Any CPU.Build.0 = Release|Any CPU
		{83188BFD-88E5-4D80-99A8-A26070EB06DF}.Debug|Any CPU.ActiveCfg = Debug|Any CPU
		{83188BFD-88E5-4D80-99A8-A26070EB06DF}.Debug|Any CPU.Build.0 = Debug|Any CPU
		{83188BFD-88E5-4D80-99A8-A26070EB06DF}.Release|Any CPU.ActiveCfg = Release|Any CPU
		{83188BFD-88E5-4D80-99A8-A26070EB06DF}.Release|Any CPU.Build.0 = Release|Any CPU
	EndGlobalSection
	GlobalSection(SolutionProperties) = preSolution
		HideSolutionNode = FALSE
	EndGlobalSection
	GlobalSection(ExtensibilityGlobals) = postSolution
		SolutionGuid = {F59E019E-5EDD-4465-AB21-0C6906268CDF}
	EndGlobalSection
EndGlobal
