
Microsoft Visual Studio Solution File, Format Version 12.00
# Visual Studio 15
VisualStudioVersion = 15.0.27004.2005
MinimumVisualStudioVersion = 10.0.40219.1
Project("{FAE04EC0-301F-11D3-BF4B-00C04F79EFBC}") = "MSALConsole", "MSALConsole\MSALConsole.csproj", "{1B295D56-95CB-4072-BB08-AB925A7ED760}"
EndProject
Global
	GlobalSection(SolutionConfigurationPlatforms) = preSolution
		Debug|Any CPU = Debug|Any CPU
		Release|Any CPU = Release|Any CPU
	EndGlobalSection
	GlobalSection(ProjectConfigurationPlatforms) = postSolution
		{1B295D56-95CB-4072-BB08-AB925A7ED760}.Debug|Any CPU.ActiveCfg = Debug|Any CPU
		{1B295D56-95CB-4072-BB08-AB925A7ED760}.Debug|Any CPU.Build.0 = Debug|Any CPU
		{1B295D56-95CB-4072-BB08-AB925A7ED760}.Release|Any CPU.ActiveCfg = Release|Any CPU
		{1B295D56-95CB-4072-BB08-AB925A7ED760}.Release|Any CPU.Build.0 = Release|Any CPU
	EndGlobalSection
	GlobalSection(SolutionProperties) = preSolution
		HideSolutionNode = FALSE
	EndGlobalSection
	GlobalSection(ExtensibilityGlobals) = postSolution
		SolutionGuid = {046FFCF0-402E-4EEF-8F63-E21CAD065489}
	EndGlobalSection
EndGlobal
